PODS:
  - Cosmos (22.1.0)
  - Realm (5.3.0):
    - Realm/Headers (= 5.3.0)
  - Realm/Headers (5.3.0)
  - RealmSwift (5.3.0):
    - Realm (= 5.3.0)

DEPENDENCIES:
  - Cosmos (~> 22.1)
  - RealmSwift

SPEC REPOS:
  trunk:
    - Cosmos
    - Realm
    - RealmSwift

SPEC CHECKSUMS:
  Cosmos: 2795b36ad4bbea1af3050d6d65576ed63875f86a
  Realm: 81b533e4d02518e3e36a702d43a716b48bf89ed6
  RealmSwift: d8954b0c203d532cfa8412ab18e2da01eb071aa4

PODFILE CHECKSUM: be28a9c25e4a10e65c51daadfa7cd2c22a541b4b

COCOAPODS: 1.9.3
